dependencies:
  espressif/esp_jpeg:
    component_hash: 257714f4bd0d8258a122d57715e6ba166de858d6d49d5fb8e70263d5069d8568
    source:
      service_url: https://api.components.espressif.com/
      type: service
    version: 1.0.5~2
  espressif/qrcode:
    component_hash: 3b493771bc5d6ad30cbf87c25bf784aada8a08c941504355b55d6b75518ed7bc
    source:
      service_url: https://api.components.espressif.com/
      type: service
    version: 0.1.0~2
  idf:
    component_hash: null
    source:
      type: idf
    version: 5.3.0
manifest_hash: 6ac528fe2d80f3cabe3c8d9f9b9ee28fa2e60faf88321caf69f8167e5ad08338
target: esp32c6
version: 1.0.0
